
Microsoft Visual Studio Solution File, Format Version 12.00
# Visual Studio Version 17
VisualStudioVersion = 17.1.32328.378
MinimumVisualStudioVersion = 10.0.40219.1
Project("{9A19103F-16F7-4668-BE54-9A1E7A4F7556}") = "RemoteShellCodeInjection", "RemoteShellCodeInjection\RemoteShellCodeInjection.csproj", "{ABF4659B-D3F9-4211-9802-D9D9EFF2078B}"
	ProjectSection(ProjectDependencies) = postProject
		{B77FDAB5-207C-4CDB-B1AA-348505C54229} = {B77FDAB5-207C-4CDB-B1AA-348505C54229}
	EndProjectSection
EndProject
Project("{FAE04EC0-301F-11D3-BF4B-00C04F79EFBC}") = "DInvoke", "RemoteShellCodeInjection\DInvoke\DInvoke.csproj", "{B77FDAB5-207C-4CDB-B1AA-348505C54229}"
EndProject
Project("{2150E333-8FDC-42A3-9474-1A3956D46DE8}") = "Solution Items", "Solution Items", "{7D9890BD-D5F6-469D-9CC7-4033266F958E}"
	ProjectSection(SolutionItems) = preProject
		.editorconfig = .editorconfig
	EndProjectSection
EndProject
Global
	GlobalSection(SolutionConfigurationPlatforms) = preSolution
		Debug|Any CPU = Debug|Any CPU
		Release|Any CPU = Release|Any CPU
	EndGlobalSection
	GlobalSection(ProjectConfigurationPlatforms) = postSolution
		{ABF4659B-D3F9-4211-9802-D9D9EFF2078B}.Debug|Any CPU.ActiveCfg = Debug|Any CPU
		{ABF4659B-D3F9-4211-9802-D9D9EFF2078B}.Debug|Any CPU.Build.0 = Debug|Any CPU
		{ABF4659B-D3F9-4211-9802-D9D9EFF2078B}.Release|Any CPU.ActiveCfg = Release|Any CPU
		{ABF4659B-D3F9-4211-9802-D9D9EFF2078B}.Release|Any CPU.Build.0 = Release|Any CPU
		{B77FDAB5-207C-4CDB-B1AA-348505C54229}.Debug|Any CPU.ActiveCfg = Debug|Any CPU
		{B77FDAB5-207C-4CDB-B1AA-348505C54229}.Debug|Any CPU.Build.0 = Debug|Any CPU
		{B77FDAB5-207C-4CDB-B1AA-348505C54229}.Release|Any CPU.ActiveCfg = Release|Any CPU
		{B77FDAB5-207C-4CDB-B1AA-348505C54229}.Release|Any CPU.Build.0 = Release|Any CPU
	EndGlobalSection
	GlobalSection(SolutionProperties) = preSolution
		HideSolutionNode = FALSE
	EndGlobalSection
	GlobalSection(ExtensibilityGlobals) = postSolution
		SolutionGuid = {2533F5A5-3009-4F38-9393-FB58FE4E7B86}
	EndGlobalSection
EndGlobal
